// !$*UTF8*$!
{
	archiveVersion = 1;
	classes = {
	};
	objectVersion = 50;
	objects = {

/* Begin PBXBuildFile section */
		7CAFE79B26207D8200FB24FC /* AppDelegate.m in Sources */ = {isa = PBXBuildFile; fileRef = 7CAFE79A26207D8200FB24FC /* AppDelegate.m */; };
		7CAFE79E26207D8200FB24FC /* SceneDelegate.m in Sources */ = {isa = PBXBuildFile; fileRef = 7CAFE79D26207D8200FB24FC /* SceneDelegate.m */; };
		7CAFE7A126207D8200FB24FC /* ViewController.m in Sources */ = {isa = PBXBuildFile; fileRef = 7CAFE7A026207D8200FB24FC /* ViewController.m */; };
		7CAFE7A426207D8200FB24FC /* Main.storyboard in Resources */ = {isa = PBXBuildFile; fileRef = 7CAFE7A226207D8200FB24FC /* Main.storyboard */; };
		7CAFE7A626207D8700FB24FC /* Assets.xcassets in Resources */ = {isa = PBXBuildFile; fileRef = 7CAFE7A526207D8700FB24FC /* Assets.xcassets */; };
		7CAFE7A926207D8700FB24FC /* LaunchScreen.storyboard in Resources */ = {isa = PBXBuildFile; fileRef = 7CAFE7A726207D8700FB24FC /* LaunchScreen.storyboard */; };
		7CAFE7AC26207D8700FB24FC /* main.m in Sources */ = {isa = PBXBuildFile; fileRef = 7CAFE7AB26207D8700FB24FC /* main.m */; };
/* End PBXBuildFile section */

/* Begin PBXFileReference section */
		7CAFE79626207D8200FB24FC /* Lesson 3.app */ = {isa = PBXFileReference; explicitFileType = wrapper.application; includeInIndex = 0; path = "Lesson 3.app"; sourceTree = BUILT_PRODUCTS_DIR; };
		7CAFE79926207D8200FB24FC /* AppDelegate.h */ = {isa = PBXFileReference; lastKnownFileType = sourcecode.c.h; path = AppDelegate.h; sourceTree = "<group>"; };
		7CAFE79A26207D8200FB24FC /* AppDelegate.m */ = {isa = PBXFileReference; lastKnownFileType = sourcecode.c.objc; path = AppDelegate.m; sourceTree = "<group>"; };
		7CAFE79C26207D8200FB24FC /* SceneDelegate.h */ = {isa = PBXFileReference; lastKnownFileType = sourcecode.c.h; path = SceneDelegate.h; sourceTree = "<group>"; };
		7CAFE79D26207D8200FB24FC /* SceneDelegate.m */ = {isa = PBXFileReference; lastKnownFileType = sourcecode.c.objc; path = SceneDelegate.m; sourceTree = "<group>"; };
		7CAFE79F26207D8200FB24FC /* ViewController.h */ = {isa = PBXFileReference; lastKnownFileType = sourcecode.c.h; path = ViewController.h; sourceTree = "<group>"; };
		7CAFE7A026207D8200FB24FC /* ViewController.m */ = {isa = PBXFileReference; lastKnownFileType = sourcecode.c.objc; path = ViewController.m; sourceTree = "<group>"; };
		7CAFE7A326207D8200FB24FC /* Base */ = {isa = PBXFileReference; lastKnownFileType = file.storyboard; name = Base; path = Base.lproj/Main.storyboard; sourceTree = "<group>"; };
		7CAFE7A526207D8700FB24FC /* Assets.xcassets */ = {isa = PBXFileReference; lastKnownFileType = folder.assetcatalog; path = Assets.xcassets; sourceTree = "<group>"; };
		7CAFE7A826207D8700FB24FC /* Base */ = {isa = PBXFileReference; lastKnownFileType = file.storyboard; name = Base; path = Base.lproj/LaunchScreen.storyboard; sourceTree = "<group>"; };
		7CAFE7AA26207D8700FB24FC /* Info.plist */ = {isa = PBXFileReference; lastKnownFileType = text.plist.xml; path = Info.plist; sourceTree = "<group>"; };
		7CAFE7AB26207D8700FB24FC /* main.m */ = {isa = PBXFileReference; lastKnownFileType = sourcecode.c.objc; path = main.m; sourceTree = "<group>"; };
/* End PBXFileReference section */

/* Begin PBXFrameworksBuildPhase section */
		7CAFE79326207D8200FB24FC /* Frameworks */ = {
			isa = PBXFrameworksBuildPhase;
			buildActionMask = 2147483647;
			files = (
			);
			runOnlyForDeploymentPostprocessing = 0;
		};
/* End PBXFrameworksBuildPhase section */

/* Begin PBXGroup section */
		7CAFE78D26207D8200FB24FC = {
			isa = PBXGroup;
			children = (
				7CAFE79826207D8200FB24FC /* Lesson 3 */,
				7CAFE79726207D8200FB24FC /* Products */,
			);
			sourceTree = "<group>";
		};
		7CAFE79726207D8200FB24FC /* Products */ = {
			isa = PBXGroup;
			children = (
				7CAFE79626207D8200FB24FC /* Lesson 3.app */,
			);
			name = Products;
			sourceTree = "<group>";
		};
		7CAFE79826207D8200FB24FC /* Lesson 3 */ = {
			isa = PBXGroup;
			children = (
				7CAFE79926207D8200FB24FC /* AppDelegate.h */,
				7CAFE79A26207D8200FB24FC /* AppDelegate.m */,
				7CAFE79C26207D8200FB24FC /* SceneDelegate.h */,
				7CAFE79D26207D8200FB24FC /* SceneDelegate.m */,
				7CAFE79F26207D8200FB24FC /* ViewController.h */,
				7CAFE7A026207D8200FB24FC /* ViewController.m */,
				7CAFE7A226207D8200FB24FC /* Main.storyboard */,
				7CAFE7A526207D8700FB24FC /* Assets.xcassets */,
				7CAFE7A726207D8700FB24FC /* LaunchScreen.storyboard */,
				7CAFE7AA26207D8700FB24FC /* Info.plist */,
				7CAFE7AB26207D8700FB24FC /* main.m */,
			);
			path = "Lesson 3";
			sourceTree = "<group>";
		};
/* End PBXGroup section */

/* Begin PBXNativeTarget section */
		7CAFE79526207D8200FB24FC /* Lesson 3 */ = {
			isa = PBXNativeTarget;
			buildConfigurationList = 7CAFE7AF26207D8700FB24FC /* Build configuration list for PBXNativeTarget "Lesson 3" */;
			buildPhases = (
				7CAFE79226207D8200FB24FC /* Sources */,
				7CAFE79326207D8200FB24FC /* Frameworks */,
				7CAFE79426207D8200FB24FC /* Resources */,
			);
			buildRules = (
			);
			dependencies = (
			);
			name = "Lesson 3";
			productName = "Lesson 3";
			productReference = 7CAFE79626207D8200FB24FC /* Lesson 3.app */;
			productType = "com.apple.product-type.application";
		};
/* End PBXNativeTarget section */

/* Begin PBXProject section */
		7CAFE78E26207D8200FB24FC /* Project object */ = {
			isa = PBXProject;
			attributes = {
				LastUpgradeCheck = 1240;
				TargetAttributes = {
					7CAFE79526207D8200FB24FC = {
						CreatedOnToolsVersion = 12.4;
					};
				};
			};
			buildConfigurationList = 7CAFE79126207D8200FB24FC /* Build configuration list for PBXProject "Lesson 3" */;
			compatibilityVersion = "Xcode 9.3";
			developmentRegion = en;
			hasScannedForEncodings = 0;
			knownRegions = (
				en,
				Base,
			);
			mainGroup = 7CAFE78D26207D8200FB24FC;
			productRefGroup = 7CAFE79726207D8200FB24FC /* Products */;
			projectDirPath = "";
			projectRoot = "";
			targets = (
				7CAFE79526207D8200FB24FC /* Lesson 3 */,
			);
		};
/* End PBXProject section */

/* Begin PBXResourcesBuildPhase section */
		7CAFE79426207D8200FB24FC /* Resources */ = {
			isa = PBXResourcesBuildPhase;
			buildActionMask = 2147483647;
			files = (
				7CAFE7A926207D8700FB24FC /* LaunchScreen.storyboard in Resources */,
				7CAFE7A626207D8700FB24FC /* Assets.xcassets in Resources */,
				7CAFE7A426207D8200FB24FC /* Main.storyboard in Resources */,
			);
			runOnlyForDeploymentPostprocessing = 0;
		};
/* End PBXResourcesBuildPhase section */

/* Begin PBXSourcesBuildPhase section */
		7CAFE79226207D8200FB24FC /* Sources */ = {
			isa = PBXSourcesBuildPhase;
			buildActionMask = 2147483647;
			files = (
				7CAFE7A126207D8200FB24FC /* ViewController.m in Sources */,
				7CAFE79B26207D8200FB24FC /* AppDelegate.m in Sources */,
				7CAFE7AC26207D8700FB24FC /* main.m in Sources */,
				7CAFE79E26207D8200FB24FC /* SceneDelegate.m in Sources */,
			);
			runOnlyForDeploymentPostprocessing = 0;
		};
/* End PBXSourcesBuildPhase section */

/* Begin PBXVariantGroup section */
		7CAFE7A226207D8200FB24FC /* Main.storyboard */ = {
			isa = PBXVariantGroup;
			children = (
				7CAFE7A326207D8200FB24FC /* Base */,
			);
			name = Main.storyboard;
			sourceTree = "<group>";
		};
		7CAFE7A726207D8700FB24FC /* LaunchScreen.storyboard */ = {
			isa = PBXVariantGroup;
			children = (
				7CAFE7A826207D8700FB24FC /* Base */,
			);
			name = LaunchScreen.storyboard;
			sourceTree = "<group>";
		};
/* End PBXVariantGroup section */

/* Begin XCBuildConfiguration section */
		7CAFE7AD26207D8700FB24FC /* Debug */ = {
			isa = XCBuildConfiguration;
			buildSettings = {
				ALWAYS_SEARCH_USER_PATHS = NO;
				CLANG_ANALYZER_NONNULL = YES;
				CLANG_ANALYZER_NUMBER_OBJECT_CONVERSION = YES_AGGRESSIVE;
				CLANG_CXX_LANGUAGE_STANDARD = "gnu++14";
				CLANG_CXX_LIBRARY = "libc++";
				CLANG_ENABLE_MODULES = YES;
				CLANG_ENABLE_OBJC_ARC = YES;
				CLANG_ENABLE_OBJC_WEAK = YES;
				CLANG_WARN_BLOCK_CAPTURE_AUTORELEASING = YES;
				CLANG_WARN_BOOL_CONVERSION = YES;
				CLANG_WARN_COMMA = YES;
				CLANG_WARN_CONSTANT_CONVERSION = YES;
				CLANG_WARN_DEPRECATED_OBJC_IMPLEMENTATIONS = YES;
				CLANG_WARN_DIRECT_OBJC_ISA_USAGE = YES_ERROR;
				CLANG_WARN_DOCUMENTATION_COMMENTS = YES;
				CLANG_WARN_EMPTY_BODY = YES;
				CLANG_WARN_ENUM_CONVERSION = YES;
				CLANG_WARN_INFINITE_RECURSION = YES;
				CLANG_WARN_INT_CONVERSION = YES;
				CLANG_WARN_NON_LITERAL_NULL_CONVERSION = YES;
				CLANG_WARN_OBJC_IMPLICIT_RETAIN_SELF = YES;
				CLANG_WARN_OBJC_LITERAL_CONVERSION = YES;
				CLANG_WARN_OBJC_ROOT_CLASS = YES_ERROR;
				CLANG_WARN_QUOTED_INCLUDE_IN_FRAMEWORK_HEADER = YES;
				CLANG_WARN_RANGE_LOOP_ANALYSIS = YES;
				CLANG_WARN_STRICT_PROTOTYPES = YES;
				CLANG_WARN_SUSPICIOUS_MOVE = YES;
				CLANG_WARN_UNGUARDED_AVAILABILITY = YES_AGGRESSIVE;
				CLANG_WARN_UNREACHABLE_CODE = YES;
				CLANG_WARN__DUPLICATE_METHOD_MATCH = YES;
				COPY_PHASE_STRIP = NO;
				DEBUG_INFORMATION_FORMAT = dwarf;
				ENABLE_STRICT_OBJC_MSGSEND = YES;
				ENABLE_TESTABILITY = YES;
				GCC_C_LANGUAGE_STANDARD = gnu11;
				GCC_DYNAMIC_NO_PIC = NO;
				GCC_NO_COMMON_BLOCKS = YES;
				GCC_OPTIMIZATION_LEVEL = 0;
				GCC_PREPROCESSOR_DEFINITIONS = (
					"DEBUG=1",
					"$(inherited)",
				);
				GCC_WARN_64_TO_32_BIT_CONVERSION = YES;
				GCC_WARN_ABOUT_RETURN_TYPE = YES_ERROR;
				GCC_WARN_UNDECLARED_SELECTOR = YES;
				GCC_WARN_UNINITIALIZED_AUTOS = YES_AGGRESSIVE;
				GCC_WARN_UNUSED_FUNCTION = YES;
				GCC_WARN_UNUSED_VARIABLE = YES;
				IPHONEOS_DEPLOYMENT_TARGET = 14.4;
				MTL_ENABLE_DEBUG_INFO = INCLUDE_SOURCE;
				MTL_FAST_MATH = YES;
				ONLY_ACTIVE_ARCH = YES;
				SDKROOT = iphoneos;
			};
			name = Debug;
		};
		7CAFE7AE26207D8700FB24FC /* Release */ = {
			isa = XCBuildConfiguration;
			buildSettings = {
				ALWAYS_SEARCH_USER_PATHS = NO;
				CLANG_ANALYZER_NONNULL = YES;
				CLANG_ANALYZER_NUMBER_OBJECT_CONVERSION = YES_AGGRESSIVE;
				CLANG_CXX_LANGUAGE_STANDARD = "gnu++14";
				CLANG_CXX_LIBRARY = "libc++";
				CLANG_ENABLE_MODULES = YES;
				CLANG_ENABLE_OBJC_ARC = YES;
				CLANG_ENABLE_OBJC_WEAK = YES;
				CLANG_WARN_BLOCK_CAPTURE_AUTORELEASING = YES;
				CLANG_WARN_BOOL_CONVERSION = YES;
				CLANG_WARN_COMMA = YES;
				CLANG_WARN_CONSTANT_CONVERSION = YES;
				CLANG_WARN_DEPRECATED_OBJC_IMPLEMENTATIONS = YES;
				CLANG_WARN_DIRECT_OBJC_ISA_USAGE = YES_ERROR;
				CLANG_WARN_DOCUMENTATION_COMMENTS = YES;
				CLANG_WARN_EMPTY_BODY = YES;
				CLANG_WARN_ENUM_CONVERSION = YES;
				CLANG_WARN_INFINITE_RECURSION = YES;
				CLANG_WARN_INT_CONVERSION = YES;
				CLANG_WARN_NON_LITERAL_NULL_CONVERSION = YES;
				CLANG_WARN_OBJC_IMPLICIT_RETAIN_SELF = YES;
				CLANG_WARN_OBJC_LITERAL_CONVERSION = YES;
				CLANG_WARN_OBJC_ROOT_CLASS = YES_ERROR;
				CLANG_WARN_QUOTED_INCLUDE_IN_FRAMEWORK_HEADER = YES;
				CLANG_WARN_RANGE_LOOP_ANALYSIS = YES;
				CLANG_WARN_STRICT_PROTOTYPES = YES;
				CLANG_WARN_SUSPICIOUS_MOVE = YES;
				CLANG_WARN_UNGUARDED_AVAILABILITY = YES_AGGRESSIVE;
				CLANG_WARN_UNREACHABLE_CODE = YES;
				CLANG_WARN__DUPLICATE_METHOD_MATCH = YES;
				COPY_PHASE_STRIP = NO;
				DEBUG_INFORMATION_FORMAT = "dwarf-with-dsym";
				ENABLE_NS_ASSERTIONS = NO;
				ENABLE_STRICT_OBJC_MSGSEND = YES;
				GCC_C_LANGUAGE_STANDARD = gnu11;
				GCC_NO_COMMON_BLOCKS = YES;
				GCC_WARN_64_TO_32_BIT_CONVERSION = YES;
				GCC_WARN_ABOUT_RETURN_TYPE = YES_ERROR;
				GCC_WARN_UNDECLARED_SELECTOR = YES;
				GCC_WARN_UNINITIALIZED_AUTOS = YES_AGGRESSIVE;
				GCC_WARN_UNUSED_FUNCTION = YES;
				GCC_WARN_UNUSED_VARIABLE = YES;
				IPHONEOS_DEPLOYMENT_TARGET = 14.4;
				MTL_ENABLE_DEBUG_INFO = NO;
				MTL_FAST_MATH = YES;
				SDKROOT = iphoneos;
				VALIDATE_PRODUCT = YES;
			};
			name = Release;
		};
		7CAFE7B026207D8700FB24FC /* Debug */ = {
			isa = XCBuildConfiguration;
			buildSettings = {
				ASSETCATALOG_COMPILER_APPICON_NAME = AppIcon;
				ASSETCATALOG_COMPILER_GLOBAL_ACCENT_COLOR_NAME = AccentColor;
				CODE_SIGN_STYLE = Automatic;
				INFOPLIST_FILE = "Lesson 3/Info.plist";
				LD_RUNPATH_SEARCH_PATHS = (
					"$(inherited)",
					"@executable_path/Frameworks",
				);
				PRODUCT_BUNDLE_IDENTIFIER = "AlexanderNovikov.Lesson-3";
				PRODUCT_NAME = "$(TARGET_NAME)";
				TARGETED_DEVICE_FAMILY = "1,2";
			};
			name = Debug;
		};
		7CAFE7B126207D8700FB24FC /* Release */ = {
			isa = XCBuildConfiguration;
			buildSettings = {
				ASSETCATALOG_COMPILER_APPICON_NAME = AppIcon;
				ASSETCATALOG_COMPILER_GLOBAL_ACCENT_COLOR_NAME = AccentColor;
				CODE_SIGN_STYLE = Automatic;
				INFOPLIST_FILE = "Lesson 3/Info.plist";
				LD_RUNPATH_SEARCH_PATHS = (
					"$(inherited)",
					"@executable_path/Frameworks",
				);
				PRODUCT_BUNDLE_IDENTIFIER = "AlexanderNovikov.Lesson-3";
				PRODUCT_NAME = "$(TARGET_NAME)";
				TARGETED_DEVICE_FAMILY = "1,2";
			};
			name = Release;
		};
/* End XCBuildConfiguration section */

/* Begin XCConfigurationList section */
		7CAFE79126207D8200FB24FC /* Build configuration list for PBXProject "Lesson 3" */ = {
			isa = XCConfigurationList;
			buildConfigurations = (
				7CAFE7AD26207D8700FB24FC /* Debug */,
				7CAFE7AE26207D8700FB24FC /* Release */,
			);
			defaultConfigurationIsVisible = 0;
			defaultConfigurationName = Release;
		};
		7CAFE7AF26207D8700FB24FC /* Build configuration list for PBXNativeTarget "Lesson 3" */ = {
			isa = XCConfigurationList;
			buildConfigurations = (
				7CAFE7B026207D8700FB24FC /* Debug */,
				7CAFE7B126207D8700FB24FC /* Release */,
			);
			defaultConfigurationIsVisible = 0;
			defaultConfigurationName = Release;
		};
/* End XCConfigurationList section */
	};
	rootObject = 7CAFE78E26207D8200FB24FC /* Project object */;
}
